
Microsoft Visual Studio Solution File, Format Version 12.00
# Visual Studio Version 16
VisualStudioVersion = 16.0.30523.141
MinimumVisualStudioVersion = 10.0.40219.1
Project("{FAE04EC0-301F-11D3-BF4B-00C04F79EFBC}") = "MVC_Movies", "MVC_Movies\MVC_Movies.csproj", "{91C78C0B-C856-48EE-BFB1-13E3590F4469}"
EndProject
Global
	GlobalSection(SolutionConfigurationPlatforms) = preSolution
		Debug|Any CPU = Debug|Any CPU
		Release|Any CPU = Release|Any CPU
	EndGlobalSection
	GlobalSection(ProjectConfigurationPlatforms) = postSolution
		{91C78C0B-C856-48EE-BFB1-13E3590F4469}.Debug|Any CPU.ActiveCfg = Debug|Any CPU
		{91C78C0B-C856-48EE-BFB1-13E3590F4469}.Debug|Any CPU.Build.0 = Debug|Any CPU
		{91C78C0B-C856-48EE-BFB1-13E3590F4469}.Release|Any CPU.ActiveCfg = Release|Any CPU
		{91C78C0B-C856-48EE-BFB1-13E3590F4469}.Release|Any CPU.Build.0 = Release|Any CPU
	EndGlobalSection
	GlobalSection(SolutionProperties) = preSolution
		HideSolutionNode = FALSE
	EndGlobalSection
	GlobalSection(ExtensibilityGlobals) = postSolution
		SolutionGuid = {C66D5B4D-9157-432B-8D8A-0EB3572C945D}
	EndGlobalSection
EndGlobal
